
Microsoft Visual Studio Solution File, Format Version 12.00
# Visual Studio 15
VisualStudioVersion = 15.0.27004.2009
MinimumVisualStudioVersion = 10.0.40219.1
Project("{FAE04EC0-301F-11D3-BF4B-00C04F79EFBC}") = "CoreAPI", "CoreAPI\CoreAPI.csproj", "{0A8B3239-31BA-4E61-9A84-B1BB8C53E5AE}"
EndProject
Project("{FAE04EC0-301F-11D3-BF4B-00C04F79EFBC}") = "Common", "Common\Common.csproj", "{1BDAAFCB-C46F-4D28-9956-03531C2649F3}"
EndProject
Global
	GlobalSection(SolutionConfigurationPlatforms) = preSolution
		Debug|Any CPU = Debug|Any CPU
		Release|Any CPU = Release|Any CPU
	EndGlobalSection
	GlobalSection(ProjectConfigurationPlatforms) = postSolution
		{0A8B3239-31BA-4E61-9A84-B1BB8C53E5AE}.Debug|Any CPU.ActiveCfg = Debug|Any CPU
		{0A8B3239-31BA-4E61-9A84-B1BB8C53E5AE}.Debug|Any CPU.Build.0 = Debug|Any CPU
		{0A8B3239-31BA-4E61-9A84-B1BB8C53E5AE}.Release|Any CPU.ActiveCfg = Release|Any CPU
		{0A8B3239-31BA-4E61-9A84-B1BB8C53E5AE}.Release|Any CPU.Build.0 = Release|Any CPU
		{1BDAAFCB-C46F-4D28-9956-03531C2649F3}.Debug|Any CPU.ActiveCfg = Debug|Any CPU
		{1BDAAFCB-C46F-4D28-9956-03531C2649F3}.Debug|Any CPU.Build.0 = Debug|Any CPU
		{1BDAAFCB-C46F-4D28-9956-03531C2649F3}.Release|Any CPU.ActiveCfg = Release|Any CPU
		{1BDAAFCB-C46F-4D28-9956-03531C2649F3}.Release|Any CPU.Build.0 = Release|Any CPU
	EndGlobalSection
	GlobalSection(SolutionProperties) = preSolution
		HideSolutionNode = FALSE
	EndGlobalSection
	GlobalSection(ExtensibilityGlobals) = postSolution
		SolutionGuid = {4AC2EDD3-6C24-4770-A015-0EC5D2A4FF61}
	EndGlobalSection
EndGlobal
